
Microsoft Visual Studio Solution File, Format Version 12.00
# Visual Studio 15
VisualStudioVersion = 15.0.27428.2043
MinimumVisualStudioVersion = 10.0.40219.1
Project("{FAE04EC0-301F-11D3-BF4B-00C04F79EFBC}") = "SQLite.Android", "SQLite\SQLite.Android\SQLite.Android.csproj", "{B1AAC80F-5074-4F49-820D-C04C96451A94}"
EndProject
Project("{D954291E-2A0B-460D-934E-DC6B0785DB48}") = "SQLite", "SQLite\SQLite\SQLite.shproj", "{901A208B-C5FE-4B30-AAA6-A8E7A6E9470A}"
EndProject
Global
	GlobalSection(SharedMSBuildProjectFiles) = preSolution
		SQLite\SQLite\SQLite.projitems*{901a208b-c5fe-4b30-aaa6-a8e7a6e9470a}*SharedItemsImports = 13
		SQLite\SQLite\SQLite.projitems*{b1aac80f-5074-4f49-820d-c04c96451a94}*SharedItemsImports = 4
	EndGlobalSection
	GlobalSection(SolutionConfigurationPlatforms) = preSolution
		Debug|Any CPU = Debug|Any CPU
		Release|Any CPU = Release|Any CPU
	EndGlobalSection
	GlobalSection(ProjectConfigurationPlatforms) = postSolution
		{B1AAC80F-5074-4F49-820D-C04C96451A94}.Debug|Any CPU.ActiveCfg = Debug|Any CPU
		{B1AAC80F-5074-4F49-820D-C04C96451A94}.Debug|Any CPU.Build.0 = Debug|Any CPU
		{B1AAC80F-5074-4F49-820D-C04C96451A94}.Debug|Any CPU.Deploy.0 = Debug|Any CPU
		{B1AAC80F-5074-4F49-820D-C04C96451A94}.Release|Any CPU.ActiveCfg = Release|Any CPU
		{B1AAC80F-5074-4F49-820D-C04C96451A94}.Release|Any CPU.Build.0 = Release|Any CPU
		{B1AAC80F-5074-4F49-820D-C04C96451A94}.Release|Any CPU.Deploy.0 = Release|Any CPU
	EndGlobalSection
	GlobalSection(SolutionProperties) = preSolution
		HideSolutionNode = FALSE
	EndGlobalSection
	GlobalSection(ExtensibilityGlobals) = postSolution
		SolutionGuid = {DE712B7A-A9E5-4FD3-84E2-20064FE25F3B}
	EndGlobalSection
EndGlobal
